
Microsoft Visual Studio Solution File, Format Version 12.00
# Visual Studio 15
VisualStudioVersion = 15.0.28307.757
MinimumVisualStudioVersion = 10.0.40219.1
Project("{FAE04EC0-301F-11D3-BF4B-00C04F79EFBC}") = "Senai.Sstop.WebApi", "Senai.Sstop.WebApi\Senai.Sstop.WebApi.csproj", "{218B16C6-DFFD-4BE2-8B2A-F4B03B7BD63D}"
EndProject
Global
	GlobalSection(SolutionConfigurationPlatforms) = preSolution
		Debug|Any CPU = Debug|Any CPU
		Release|Any CPU = Release|Any CPU
	EndGlobalSection
	GlobalSection(ProjectConfigurationPlatforms) = postSolution
		{218B16C6-DFFD-4BE2-8B2A-F4B03B7BD63D}.Debug|Any CPU.ActiveCfg = Debug|Any CPU
		{218B16C6-DFFD-4BE2-8B2A-F4B03B7BD63D}.Debug|Any CPU.Build.0 = Debug|Any CPU
		{218B16C6-DFFD-4BE2-8B2A-F4B03B7BD63D}.Release|Any CPU.ActiveCfg = Release|Any CPU
		{218B16C6-DFFD-4BE2-8B2A-F4B03B7BD63D}.Release|Any CPU.Build.0 = Release|Any CPU
	EndGlobalSection
	GlobalSection(SolutionProperties) = preSolution
		HideSolutionNode = FALSE
	EndGlobalSection
	GlobalSection(ExtensibilityGlobals) = postSolution
		SolutionGuid = {F9C10591-75BE-4D94-8F33-77B25B550981}
	EndGlobalSection
EndGlobal
